Microsoft Visual Studio Solution File, Format Version 12.00
# Visual Studio 15
VisualStudioVersion = 15.0.26124.0
MinimumVisualStudioVersion = 15.0.26124.0
Project("{9A19103F-16F7-4668-BE54-9A1E7A4F7556}") = "RopDemo", "RopDemo\RopDemo.csproj", "{EA7D300A-B097-47CC-9575-C6EB9FE15112}"
EndProject
Project("{9A19103F-16F7-4668-BE54-9A1E7A4F7556}") = "RopDemo.Tests", "RopDemo.Tests\RopDemo.Tests.csproj", "{E15F6E87-DFF7-4F20-B81F-4B7736B78E16}"
EndProject
Project("{9A19103F-16F7-4668-BE54-9A1E7A4F7556}") = "RopDemo.ResultSimple.Tests", "RopDemo.ResultSimple.Tests\RopDemo.ResultSimple.Tests.csproj", "{C96594E0-F2E2-4632-AB8A-AF9A2ED2150C}"
EndProject
Project("{9A19103F-16F7-4668-BE54-9A1E7A4F7556}") = "RopDemo.ResultSimple", "RopDemo.ResultSimple\RopDemo.ResultSimple.csproj", "{87002D4D-6A73-47DF-B175-04167FF38F16}"
EndProject
Project("{2150E333-8FDC-42A3-9474-1A3956D46DE8}") = "Registration", "Registration", "{37CFE376-6452-4E2C-BAEA-D6589CD09371}"
EndProject
Project("{2150E333-8FDC-42A3-9474-1A3956D46DE8}") = "ResultSimple", "ResultSimple", "{9BB381B9-1D59-4156-931C-6BE1BC74A36C}"
EndProject
Project("{2150E333-8FDC-42A3-9474-1A3956D46DE8}") = "Demo", "Demo", "{A4C8E0F4-B802-4CA3-A0AA-31F01DD81E91}"
EndProject
Project("{9A19103F-16F7-4668-BE54-9A1E7A4F7556}") = "RegistrationDemo", "RegistrationDemo\RegistrationDemo.csproj", "{C85065B2-0E1A-46B3-AA89-18EFE2C358BA}"
EndProject
Project("{9A19103F-16F7-4668-BE54-9A1E7A4F7556}") = "RegistrationDemo.Tests", "RegistrationDemo.Tests\RegistrationDemo.Tests.csproj", "{A4B8AFE4-6218-431A-A784-727F1DC3703A}"
EndProject
Project("{2150E333-8FDC-42A3-9474-1A3956D46DE8}") = "Playground", "Playground", "{FE663FF7-7BE2-44B4-9079-7DBDA5BD197B}"
EndProject
Project("{FAE04EC0-301F-11D3-BF4B-00C04F79EFBC}") = "PlaygroundDemo", "PlaygroundDemo\PlaygroundDemo.csproj", "{925D3A5B-7F34-4C19-A0B1-917C068EF374}"
EndProject
Global
	GlobalSection(SolutionConfigurationPlatforms) = preSolution
		Debug|Any CPU = Debug|Any CPU
		Debug|x64 = Debug|x64
		Debug|x86 = Debug|x86
		Release|Any CPU = Release|Any CPU
		Release|x64 = Release|x64
		Release|x86 = Release|x86
	EndGlobalSection
	GlobalSection(ProjectConfigurationPlatforms) = postSolution
		{EA7D300A-B097-47CC-9575-C6EB9FE15112}.Debug|Any CPU.ActiveCfg = Debug|Any CPU
		{EA7D300A-B097-47CC-9575-C6EB9FE15112}.Debug|Any CPU.Build.0 = Debug|Any CPU
		{EA7D300A-B097-47CC-9575-C6EB9FE15112}.Debug|x64.ActiveCfg = Debug|Any CPU
		{EA7D300A-B097-47CC-9575-C6EB9FE15112}.Debug|x64.Build.0 = Debug|Any CPU
		{EA7D300A-B097-47CC-9575-C6EB9FE15112}.Debug|x86.ActiveCfg = Debug|Any CPU
		{EA7D300A-B097-47CC-9575-C6EB9FE15112}.Debug|x86.Build.0 = Debug|Any CPU
		{EA7D300A-B097-47CC-9575-C6EB9FE15112}.Release|Any CPU.ActiveCfg = Release|Any CPU
		{EA7D300A-B097-47CC-9575-C6EB9FE15112}.Release|Any CPU.Build.0 = Release|Any CPU
		{EA7D300A-B097-47CC-9575-C6EB9FE15112}.Release|x64.ActiveCfg = Release|Any CPU
		{EA7D300A-B097-47CC-9575-C6EB9FE15112}.Release|x64.Build.0 = Release|Any CPU
		{EA7D300A-B097-47CC-9575-C6EB9FE15112}.Release|x86.ActiveCfg = Release|Any CPU
		{EA7D300A-B097-47CC-9575-C6EB9FE15112}.Release|x86.Build.0 = Release|Any CPU
		{E15F6E87-DFF7-4F20-B81F-4B7736B78E16}.Debug|Any CPU.ActiveCfg = Debug|Any CPU
		{E15F6E87-DFF7-4F20-B81F-4B7736B78E16}.Debug|Any CPU.Build.0 = Debug|Any CPU
		{E15F6E87-DFF7-4F20-B81F-4B7736B78E16}.Debug|x64.ActiveCfg = Debug|Any CPU
		{E15F6E87-DFF7-4F20-B81F-4B7736B78E16}.Debug|x64.Build.0 = Debug|Any CPU
		{E15F6E87-DFF7-4F20-B81F-4B7736B78E16}.Debug|x86.ActiveCfg = Debug|Any CPU
		{E15F6E87-DFF7-4F20-B81F-4B7736B78E16}.Debug|x86.Build.0 = Debug|Any CPU
		{E15F6E87-DFF7-4F20-B81F-4B7736B78E16}.Release|Any CPU.ActiveCfg = Release|Any CPU
		{E15F6E87-DFF7-4F20-B81F-4B7736B78E16}.Release|Any CPU.Build.0 = Release|Any CPU
		{E15F6E87-DFF7-4F20-B81F-4B7736B78E16}.Release|x64.ActiveCfg = Release|Any CPU
		{E15F6E87-DFF7-4F20-B81F-4B7736B78E16}.Release|x64.Build.0 = Release|Any CPU
		{E15F6E87-DFF7-4F20-B81F-4B7736B78E16}.Release|x86.ActiveCfg = Release|Any CPU
		{E15F6E87-DFF7-4F20-B81F-4B7736B78E16}.Release|x86.Build.0 = Release|Any CPU
		{C96594E0-F2E2-4632-AB8A-AF9A2ED2150C}.Debug|Any CPU.ActiveCfg = Debug|Any CPU
		{C96594E0-F2E2-4632-AB8A-AF9A2ED2150C}.Debug|Any CPU.Build.0 = Debug|Any CPU
		{C96594E0-F2E2-4632-AB8A-AF9A2ED2150C}.Debug|x64.ActiveCfg = Debug|Any CPU
		{C96594E0-F2E2-4632-AB8A-AF9A2ED2150C}.Debug|x64.Build.0 = Debug|Any CPU
		{C96594E0-F2E2-4632-AB8A-AF9A2ED2150C}.Debug|x86.ActiveCfg = Debug|Any CPU
		{C96594E0-F2E2-4632-AB8A-AF9A2ED2150C}.Debug|x86.Build.0 = Debug|Any CPU
		{C96594E0-F2E2-4632-AB8A-AF9A2ED2150C}.Release|Any CPU.ActiveCfg = Release|Any CPU
		{C96594E0-F2E2-4632-AB8A-AF9A2ED2150C}.Release|Any CPU.Build.0 = Release|Any CPU
		{C96594E0-F2E2-4632-AB8A-AF9A2ED2150C}.Release|x64.ActiveCfg = Release|Any CPU
		{C96594E0-F2E2-4632-AB8A-AF9A2ED2150C}.Release|x64.Build.0 = Release|Any CPU
		{C96594E0-F2E2-4632-AB8A-AF9A2ED2150C}.Release|x86.ActiveCfg = Release|Any CPU
		{C96594E0-F2E2-4632-AB8A-AF9A2ED2150C}.Release|x86.Build.0 = Release|Any CPU
		{87002D4D-6A73-47DF-B175-04167FF38F16}.Debug|Any CPU.ActiveCfg = Debug|Any CPU
		{87002D4D-6A73-47DF-B175-04167FF38F16}.Debug|Any CPU.Build.0 = Debug|Any CPU
		{87002D4D-6A73-47DF-B175-04167FF38F16}.Debug|x64.ActiveCfg = Debug|Any CPU
		{87002D4D-6A73-47DF-B175-04167FF38F16}.Debug|x64.Build.0 = Debug|Any CPU
		{87002D4D-6A73-47DF-B175-04167FF38F16}.Debug|x86.ActiveCfg = Debug|Any CPU
		{87002D4D-6A73-47DF-B175-04167FF38F16}.Debug|x86.Build.0 = Debug|Any CPU
		{87002D4D-6A73-47DF-B175-04167FF38F16}.Release|Any CPU.ActiveCfg = Release|Any CPU
		{87002D4D-6A73-47DF-B175-04167FF38F16}.Release|Any CPU.Build.0 = Release|Any CPU
		{87002D4D-6A73-47DF-B175-04167FF38F16}.Release|x64.ActiveCfg = Release|Any CPU
		{87002D4D-6A73-47DF-B175-04167FF38F16}.Release|x64.Build.0 = Release|Any CPU
		{87002D4D-6A73-47DF-B175-04167FF38F16}.Release|x86.ActiveCfg = Release|Any CPU
		{87002D4D-6A73-47DF-B175-04167FF38F16}.Release|x86.Build.0 = Release|Any CPU
		{C85065B2-0E1A-46B3-AA89-18EFE2C358BA}.Debug|Any CPU.ActiveCfg = Debug|Any CPU
		{C85065B2-0E1A-46B3-AA89-18EFE2C358BA}.Debug|Any CPU.Build.0 = Debug|Any CPU
		{C85065B2-0E1A-46B3-AA89-18EFE2C358BA}.Debug|x64.ActiveCfg = Debug|Any CPU
		{C85065B2-0E1A-46B3-AA89-18EFE2C358BA}.Debug|x64.Build.0 = Debug|Any CPU
		{C85065B2-0E1A-46B3-AA89-18EFE2C358BA}.Debug|x86.ActiveCfg = Debug|Any CPU
		{C85065B2-0E1A-46B3-AA89-18EFE2C358BA}.Debug|x86.Build.0 = Debug|Any CPU
		{C85065B2-0E1A-46B3-AA89-18EFE2C358BA}.Release|Any CPU.ActiveCfg = Release|Any CPU
		{C85065B2-0E1A-46B3-AA89-18EFE2C358BA}.Release|Any CPU.Build.0 = Release|Any CPU
		{C85065B2-0E1A-46B3-AA89-18EFE2C358BA}.Release|x64.ActiveCfg = Release|Any CPU
		{C85065B2-0E1A-46B3-AA89-18EFE2C358BA}.Release|x64.Build.0 = Release|Any CPU
		{C85065B2-0E1A-46B3-AA89-18EFE2C358BA}.Release|x86.ActiveCfg = Release|Any CPU
		{C85065B2-0E1A-46B3-AA89-18EFE2C358BA}.Release|x86.Build.0 = Release|Any CPU
		{A4B8AFE4-6218-431A-A784-727F1DC3703A}.Debug|Any CPU.ActiveCfg = Debug|Any CPU
		{A4B8AFE4-6218-431A-A784-727F1DC3703A}.Debug|Any CPU.Build.0 = Debug|Any CPU
		{A4B8AFE4-6218-431A-A784-727F1DC3703A}.Debug|x64.ActiveCfg = Debug|Any CPU
		{A4B8AFE4-6218-431A-A784-727F1DC3703A}.Debug|x64.Build.0 = Debug|Any CPU
		{A4B8AFE4-6218-431A-A784-727F1DC3703A}.Debug|x86.ActiveCfg = Debug|Any CPU
		{A4B8AFE4-6218-431A-A784-727F1DC3703A}.Debug|x86.Build.0 = Debug|Any CPU
		{A4B8AFE4-6218-431A-A784-727F1DC3703A}.Release|Any CPU.ActiveCfg = Release|Any CPU
		{A4B8AFE4-6218-431A-A784-727F1DC3703A}.Release|Any CPU.Build.0 = Release|Any CPU
		{A4B8AFE4-6218-431A-A784-727F1DC3703A}.Release|x64.ActiveCfg = Release|Any CPU
		{A4B8AFE4-6218-431A-A784-727F1DC3703A}.Release|x64.Build.0 = Release|Any CPU
		{A4B8AFE4-6218-431A-A784-727F1DC3703A}.Release|x86.ActiveCfg = Release|Any CPU
		{A4B8AFE4-6218-431A-A784-727F1DC3703A}.Release|x86.Build.0 = Release|Any CPU
		{925D3A5B-7F34-4C19-A0B1-917C068EF374}.Debug|Any CPU.ActiveCfg = Debug|Any CPU
		{925D3A5B-7F34-4C19-A0B1-917C068EF374}.Debug|Any CPU.Build.0 = Debug|Any CPU
		{925D3A5B-7F34-4C19-A0B1-917C068EF374}.Debug|x64.ActiveCfg = Debug|Any CPU
		{925D3A5B-7F34-4C19-A0B1-917C068EF374}.Debug|x64.Build.0 = Debug|Any CPU
		{925D3A5B-7F34-4C19-A0B1-917C068EF374}.Debug|x86.ActiveCfg = Debug|Any CPU
		{925D3A5B-7F34-4C19-A0B1-917C068EF374}.Debug|x86.Build.0 = Debug|Any CPU
		{925D3A5B-7F34-4C19-A0B1-917C068EF374}.Release|Any CPU.ActiveCfg = Release|Any CPU
		{925D3A5B-7F34-4C19-A0B1-917C068EF374}.Release|Any CPU.Build.0 = Release|Any CPU
		{925D3A5B-7F34-4C19-A0B1-917C068EF374}.Release|x64.ActiveCfg = Release|Any CPU
		{925D3A5B-7F34-4C19-A0B1-917C068EF374}.Release|x64.Build.0 = Release|Any CPU
		{925D3A5B-7F34-4C19-A0B1-917C068EF374}.Release|x86.ActiveCfg = Release|Any CPU
		{925D3A5B-7F34-4C19-A0B1-917C068EF374}.Release|x86.Build.0 = Release|Any CPU
	EndGlobalSection
	GlobalSection(SolutionProperties) = preSolution
		HideSolutionNode = FALSE
	EndGlobalSection
	GlobalSection(NestedProjects) = preSolution
		{EA7D300A-B097-47CC-9575-C6EB9FE15112} = {37CFE376-6452-4E2C-BAEA-D6589CD09371}
		{E15F6E87-DFF7-4F20-B81F-4B7736B78E16} = {37CFE376-6452-4E2C-BAEA-D6589CD09371}
		{C96594E0-F2E2-4632-AB8A-AF9A2ED2150C} = {9BB381B9-1D59-4156-931C-6BE1BC74A36C}
		{87002D4D-6A73-47DF-B175-04167FF38F16} = {9BB381B9-1D59-4156-931C-6BE1BC74A36C}
		{C85065B2-0E1A-46B3-AA89-18EFE2C358BA} = {A4C8E0F4-B802-4CA3-A0AA-31F01DD81E91}
		{A4B8AFE4-6218-431A-A784-727F1DC3703A} = {A4C8E0F4-B802-4CA3-A0AA-31F01DD81E91}
		{925D3A5B-7F34-4C19-A0B1-917C068EF374} = {FE663FF7-7BE2-44B4-9079-7DBDA5BD197B}
	EndGlobalSection
	GlobalSection(ExtensibilityGlobals) = postSolution
		SolutionGuid = {27DBB49D-8B07-42F1-B363-12537EDCDA01}
	EndGlobalSection
EndGlobal
